{
  "nodes": {
    "nixpkgs": {
      "locked": {
        "lastModified": 1713107505,
        "narHash": "sha256-JZIwPyHhX7XzUTIyHNQSPmLdwVtQZ3zMGoXvtvaoZZQ=",
        "owner": "nixos",
        "repo": "nixpkgs",
        "rev": "5f81b2812ea76d998cb25a3491cce03093326cb2",
        "type": "github"
      },
      "original": {
        "owner": "nixos",
        "repo": "nixpkgs",
        "type": "github"
      }
    },
    "root": {
      "inputs": {
        "nixpkgs": "nixpkgs"
      }
    }
  },
  "root": "root",
  "version": 7
}
